{
  "name": "ChatFormatExample",
  "lockfileVersion": 2,
  "requires": true,
  "packages": {
    "": {
      "dependencies": {
        "chat-format-declare": "latest"
      }
    },
    "node_modules/chat-format-declare": {
      "version": "1.0.4",
      "resolved": "https://registry.npmjs.org/chat-format-declare/-/chat-format-declare-1.0.4.tgz",
      "integrity": "sha512-mngFPXQSq41RwTwFxZOpUG6+R/hV94KbPs+Q9l8SOmAO8zEn4xqvzp50iDyPQ5BoUBkZDUBW3EzMSQBCez6JtA==",
      "license": "MIT"
    }
  },
  "dependencies": {
    "chat-format-declare": {
      "version": "1.0.4",
      "resolved": "https://registry.npmjs.org/chat-format-declare/-/chat-format-declare-1.0.4.tgz",
      "integrity": "sha512-mngFPXQSq41RwTwFxZOpUG6+R/hV94KbPs+Q9l8SOmAO8zEn4xqvzp50iDyPQ5BoUBkZDUBW3EzMSQBCez6JtA=="
    }
  }
}
